
Microsoft Visual Studio Solution File, Format Version 12.00
# Visual Studio 2012
Project("{8BC9CEB8-8B4A-11D0-8D11-00A0C91BC942}") = "LBSE_lib", "LBSE_lib\LBSE_lib.vcxproj", "{85DDF8D7-E7BF-41D2-9FC4-2B3BAABE2BCE}"
EndProject
Project("{8BC9CEB8-8B4A-11D0-8D11-00A0C91BC942}") = "GDSW_lib", "GDSW_lib\GDSW_lib.vcxproj", "{455509DE-361E-4187-9028-660CB708CFB0}"
EndProject
Project("{8BC9CEB8-8B4A-11D0-8D11-00A0C91BC942}") = "SDF_lib", "SDF_lib\SDF_lib.vcxproj", "{AB34318D-3B62-483B-91CC-596B42F22BA0}"
EndProject
Project("{8BC9CEB8-8B4A-11D0-8D11-00A0C91BC942}") = "PCT_lib", "PCT_lib\PCT_lib.vcxproj", "{E3403C4E-19A2-416E-BF15-A0C0A0E42C1D}"
EndProject
Project("{8BC9CEB8-8B4A-11D0-8D11-00A0C91BC942}") = "SkeletonExtractionWrapper", "SkeletonExtractionWrapper\SkeletonExtractionWrapper.vcxproj", "{1CA678B2-C3AE-4F52-8665-ADA874926EB1}"
	ProjectSection(ProjectDependencies) = postProject
		{E3403C4E-19A2-416E-BF15-A0C0A0E42C1D} = {E3403C4E-19A2-416E-BF15-A0C0A0E42C1D}
		{AB1D3F65-DF2E-4B23-B02F-B8457D7028DB} = {AB1D3F65-DF2E-4B23-B02F-B8457D7028DB}
		{AB34318D-3B62-483B-91CC-596B42F22BA0} = {AB34318D-3B62-483B-91CC-596B42F22BA0}
		{7A5AAFAA-AABE-4B50-A64B-77DAF33FAA9C} = {7A5AAFAA-AABE-4B50-A64B-77DAF33FAA9C}
		{B454CAAC-6210-4AB7-B40F-B58825E49496} = {B454CAAC-6210-4AB7-B40F-B58825E49496}
		{85DDF8D7-E7BF-41D2-9FC4-2B3BAABE2BCE} = {85DDF8D7-E7BF-41D2-9FC4-2B3BAABE2BCE}
		{455509DE-361E-4187-9028-660CB708CFB0} = {455509DE-361E-4187-9028-660CB708CFB0}
	EndProjectSection
EndProject
Project("{8BC9CEB8-8B4A-11D0-8D11-00A0C91BC942}") = "Export_lib", "Export_lib\Export_lib.vcxproj", "{AB1D3F65-DF2E-4B23-B02F-B8457D7028DB}"
EndProject
Project("{8BC9CEB8-8B4A-11D0-8D11-00A0C91BC942}") = "Import_lib", "Import_lib\Import_lib.vcxproj", "{7A5AAFAA-AABE-4B50-A64B-77DAF33FAA9C}"
EndProject
Project("{8BC9CEB8-8B4A-11D0-8D11-00A0C91BC942}") = "SM_lib", "SM_lib\SM_lib.vcxproj", "{B454CAAC-6210-4AB7-B40F-B58825E49496}"
EndProject
Global
	GlobalSection(SolutionConfigurationPlatforms) = preSolution
		Debug|Win32 = Debug|Win32
		Release|Win32 = Release|Win32
	EndGlobalSection
	GlobalSection(ProjectConfigurationPlatforms) = postSolution
		{85DDF8D7-E7BF-41D2-9FC4-2B3BAABE2BCE}.Debug|Win32.ActiveCfg = Debug|Win32
		{85DDF8D7-E7BF-41D2-9FC4-2B3BAABE2BCE}.Debug|Win32.Build.0 = Debug|Win32
		{85DDF8D7-E7BF-41D2-9FC4-2B3BAABE2BCE}.Release|Win32.ActiveCfg = Release|Win32
		{85DDF8D7-E7BF-41D2-9FC4-2B3BAABE2BCE}.Release|Win32.Build.0 = Release|Win32
		{455509DE-361E-4187-9028-660CB708CFB0}.Debug|Win32.ActiveCfg = Debug|Win32
		{455509DE-361E-4187-9028-660CB708CFB0}.Debug|Win32.Build.0 = Debug|Win32
		{455509DE-361E-4187-9028-660CB708CFB0}.Release|Win32.ActiveCfg = Release|Win32
		{455509DE-361E-4187-9028-660CB708CFB0}.Release|Win32.Build.0 = Release|Win32
		{AB34318D-3B62-483B-91CC-596B42F22BA0}.Debug|Win32.ActiveCfg = Debug|Win32
		{AB34318D-3B62-483B-91CC-596B42F22BA0}.Debug|Win32.Build.0 = Debug|Win32
		{AB34318D-3B62-483B-91CC-596B42F22BA0}.Release|Win32.ActiveCfg = Release|Win32
		{AB34318D-3B62-483B-91CC-596B42F22BA0}.Release|Win32.Build.0 = Release|Win32
		{E3403C4E-19A2-416E-BF15-A0C0A0E42C1D}.Debug|Win32.ActiveCfg = Debug|Win32
		{E3403C4E-19A2-416E-BF15-A0C0A0E42C1D}.Debug|Win32.Build.0 = Debug|Win32
		{E3403C4E-19A2-416E-BF15-A0C0A0E42C1D}.Release|Win32.ActiveCfg = Release|Win32
		{E3403C4E-19A2-416E-BF15-A0C0A0E42C1D}.Release|Win32.Build.0 = Release|Win32
		{1CA678B2-C3AE-4F52-8665-ADA874926EB1}.Debug|Win32.ActiveCfg = Debug|Win32
		{1CA678B2-C3AE-4F52-8665-ADA874926EB1}.Debug|Win32.Build.0 = Debug|Win32
		{1CA678B2-C3AE-4F52-8665-ADA874926EB1}.Release|Win32.ActiveCfg = Release|Win32
		{1CA678B2-C3AE-4F52-8665-ADA874926EB1}.Release|Win32.Build.0 = Release|Win32
		{AB1D3F65-DF2E-4B23-B02F-B8457D7028DB}.Debug|Win32.ActiveCfg = Debug|Win32
		{AB1D3F65-DF2E-4B23-B02F-B8457D7028DB}.Debug|Win32.Build.0 = Debug|Win32
		{AB1D3F65-DF2E-4B23-B02F-B8457D7028DB}.Release|Win32.ActiveCfg = Release|Win32
		{AB1D3F65-DF2E-4B23-B02F-B8457D7028DB}.Release|Win32.Build.0 = Release|Win32
		{7A5AAFAA-AABE-4B50-A64B-77DAF33FAA9C}.Debug|Win32.ActiveCfg = Debug|Win32
		{7A5AAFAA-AABE-4B50-A64B-77DAF33FAA9C}.Debug|Win32.Build.0 = Debug|Win32
		{7A5AAFAA-AABE-4B50-A64B-77DAF33FAA9C}.Release|Win32.ActiveCfg = Release|Win32
		{7A5AAFAA-AABE-4B50-A64B-77DAF33FAA9C}.Release|Win32.Build.0 = Release|Win32
		{B454CAAC-6210-4AB7-B40F-B58825E49496}.Debug|Win32.ActiveCfg = Debug|Win32
		{B454CAAC-6210-4AB7-B40F-B58825E49496}.Debug|Win32.Build.0 = Debug|Win32
		{B454CAAC-6210-4AB7-B40F-B58825E49496}.Release|Win32.ActiveCfg = Release|Win32
		{B454CAAC-6210-4AB7-B40F-B58825E49496}.Release|Win32.Build.0 = Release|Win32
	EndGlobalSection
	GlobalSection(SolutionProperties) = preSolution
		HideSolutionNode = FALSE
	EndGlobalSection
EndGlobal
